{
  "version": 4,
  "terraform_version": "1.5.6",
  "serial": 3,
  "lineage": "aeb9f5da-6a3a-3f47-0318-a0125731e5df",
  "outputs": {},
  "resources": [
    {
      "mode": "managed",
      "type": "github_repository",
      "name": "terraform-first-repo",
      "provider": "provider[\"registry.terraform.io/hashicorp/github\"]",
      "instances": [
        {
          "schema_version": 1,
          "attributes": {
            "allow_auto_merge": false,
            "allow_merge_commit": true,
            "allow_rebase_merge": true,
            "allow_squash_merge": true,
            "allow_update_branch": false,
            "archive_on_destroy": null,
            "archived": false,
            "auto_init": null,
            "default_branch": "main",
            "delete_branch_on_merge": false,
            "description": "This repo is created by automating the infrastructure using terraform",
            "etag": "W/\"fd5b9f97e84e0df31ddc956da6384b86d5d768cb0dd73888f1eb701cdb5c282d\"",
            "full_name": "yash093/Terraform-first-repo",
            "git_clone_url": "git://github.com/yash093/Terraform-first-repo.git",
            "gitignore_template": null,
            "has_discussions": false,
            "has_downloads": false,
            "has_issues": false,
            "has_projects": false,
            "has_wiki": false,
            "homepage_url": "",
            "html_url": "https://github.com/yash093/Terraform-first-repo",
            "http_clone_url": "https://github.com/yash093/Terraform-first-repo.git",
            "id": "Terraform-first-repo",
            "ignore_vulnerability_alerts_during_read": null,
            "is_template": false,
            "license_template": null,
            "merge_commit_message": "PR_TITLE",
            "merge_commit_title": "MERGE_MESSAGE",
            "name": "Terraform-first-repo",
            "node_id": "R_kgDOKOHK7g",
            "pages": [],
            "primary_language": "",
            "private": false,
            "repo_id": 685886190,
            "security_and_analysis": [
              {
                "advanced_security": [],
                "secret_scanning": [
                  {
                    "status": "disabled"
                  }
                ],
                "secret_scanning_push_protection": [
                  {
                    "status": "disabled"
                  }
                ]
              }
            ],
            "squash_merge_commit_message": "COMMIT_MESSAGES",
            "squash_merge_commit_title": "COMMIT_OR_PR_TITLE",
            "ssh_clone_url": "git@github.com:yash093/Terraform-first-repo.git",
            "svn_url": "https://github.com/yash093/Terraform-first-repo",
            "template": [],
            "topics": null,
            "visibility": "public",
            "vulnerability_alerts": false
          },
          "sensitive_attributes": [],
          "private": "eyJzY2hlbWFfdmVyc2lvbiI6IjEifQ=="
        }
      ]
    }
  ],
  "check_results": null
}
